// !$*UTF8*$!
{
	archiveVersion = 1;
	classes = {
	};
	objectVersion = 46;
	objects = {

/* Begin PBXBuildFile section */
		C3FC4D7920B9CA1900E1BE93 /* main.c in Sources */ = {isa = PBXBuildFile; fileRef = C3FC4D7820B9CA1900E1BE93 /* main.c */; };
/* End PBXBuildFile section */

/* Begin PBXFileReference section */
		C3FC4D7020B9CA1900E1BE93 /* PixelScroll.app */ = {isa = PBXFileReference; explicitFileType = wrapper.application; includeInIndex = 0; path = PixelScroll.app; sourceTree = BUILT_PRODUCTS_DIR; };
		C3FC4D7420B9CA1900E1BE93 /* Info.plist */ = {isa = PBXFileReference; lastKnownFileType = text.plist.xml; path = Info.plist; sourceTree = "<group>"; };
		C3FC4D7820B9CA1900E1BE93 /* main.c */ = {isa = PBXFileReference; lastKnownFileType = sourcecode.c.c; path = main.c; sourceTree = "<group>"; };
/* End PBXFileReference section */

/* Begin PBXFrameworksBuildPhase section */
		C3FC4D6D20B9CA1900E1BE93 /* Frameworks */ = {
			isa = PBXFrameworksBuildPhase;
			buildActionMask = 2147483647;
			files = (
			);
			runOnlyForDeploymentPostprocessing = 0;
		};
/* End PBXFrameworksBuildPhase section */

/* Begin PBXGroup section */
		C3FC4D6720B9CA1900E1BE93 = {
			isa = PBXGroup;
			children = (
				C3FC4D7220B9CA1900E1BE93 /* PixelScroll */,
				C3FC4D7120B9CA1900E1BE93 /* Products */,
			);
			sourceTree = "<group>";
		};
		C3FC4D7120B9CA1900E1BE93 /* Products */ = {
			isa = PBXGroup;
			children = (
				C3FC4D7020B9CA1900E1BE93 /* PixelScroll.app */,
			);
			name = Products;
			sourceTree = "<group>";
		};
		C3FC4D7220B9CA1900E1BE93 /* PixelScroll */ = {
			isa = PBXGroup;
			children = (
				C3FC4D7420B9CA1900E1BE93 /* Info.plist */,
				C3FC4D7820B9CA1900E1BE93 /* main.c */,
			);
			path = PixelScroll;
			sourceTree = "<group>";
		};
/* End PBXGroup section */

/* Begin PBXNativeTarget section */
		C3FC4D6F20B9CA1900E1BE93 /* PixelScroll */ = {
			isa = PBXNativeTarget;
			buildConfigurationList = C3FC4D8D20B9CA1A00E1BE93 /* Build configuration list for PBXNativeTarget "PixelScroll" */;
			buildPhases = (
				C3FC4D6C20B9CA1900E1BE93 /* Sources */,
				C3FC4D6D20B9CA1900E1BE93 /* Frameworks */,
				C3FC4D6E20B9CA1900E1BE93 /* Resources */,
			);
			buildRules = (
			);
			dependencies = (
			);
			name = PixelScroll;
			productName = PixelScroll;
			productReference = C3FC4D7020B9CA1900E1BE93 /* PixelScroll.app */;
			productType = "com.apple.product-type.application";
		};
/* End PBXNativeTarget section */

/* Begin PBXProject section */
		C3FC4D6820B9CA1900E1BE93 /* Project object */ = {
			isa = PBXProject;
			attributes = {
				LastUpgradeCheck = 0620;
				ORGANIZATIONNAME = "Emre Yolcu";
				TargetAttributes = {
					C3FC4D6F20B9CA1900E1BE93 = {
						CreatedOnToolsVersion = 6.2;
					};
				};
			};
			buildConfigurationList = C3FC4D6B20B9CA1900E1BE93 /* Build configuration list for PBXProject "PixelScroll" */;
			compatibilityVersion = "Xcode 3.2";
			developmentRegion = English;
			hasScannedForEncodings = 0;
			knownRegions = (
				en,
				Base,
			);
			mainGroup = C3FC4D6720B9CA1900E1BE93;
			productRefGroup = C3FC4D7120B9CA1900E1BE93 /* Products */;
			projectDirPath = "";
			projectRoot = "";
			targets = (
				C3FC4D6F20B9CA1900E1BE93 /* PixelScroll */,
			);
		};
/* End PBXProject section */

/* Begin PBXResourcesBuildPhase section */
		C3FC4D6E20B9CA1900E1BE93 /* Resources */ = {
			isa = PBXResourcesBuildPhase;
			buildActionMask = 2147483647;
			files = (
			);
			runOnlyForDeploymentPostprocessing = 0;
		};
/* End PBXResourcesBuildPhase section */

/* Begin PBXSourcesBuildPhase section */
		C3FC4D6C20B9CA1900E1BE93 /* Sources */ = {
			isa = PBXSourcesBuildPhase;
			buildActionMask = 2147483647;
			files = (
				C3FC4D7920B9CA1900E1BE93 /* main.c in Sources */,
			);
			runOnlyForDeploymentPostprocessing = 0;
		};
/* End PBXSourcesBuildPhase section */

/* Begin XCBuildConfiguration section */
		C3FC4D8B20B9CA1A00E1BE93 /* Debug */ = {
			isa = XCBuildConfiguration;
			buildSettings = {
				ALWAYS_SEARCH_USER_PATHS = NO;
				CLANG_CXX_LANGUAGE_STANDARD = "gnu++0x";
				CLANG_CXX_LIBRARY = "libc++";
				CLANG_ENABLE_MODULES = YES;
				CLANG_ENABLE_OBJC_ARC = YES;
				CLANG_WARN_BOOL_CONVERSION = YES;
				CLANG_WARN_CONSTANT_CONVERSION = YES;
				CLANG_WARN_DIRECT_OBJC_ISA_USAGE = YES_ERROR;
				CLANG_WARN_EMPTY_BODY = YES;
				CLANG_WARN_ENUM_CONVERSION = YES;
				CLANG_WARN_INT_CONVERSION = YES;
				CLANG_WARN_OBJC_ROOT_CLASS = YES_ERROR;
				CLANG_WARN_UNREACHABLE_CODE = YES;
				CLANG_WARN__DUPLICATE_METHOD_MATCH = YES;
				CODE_SIGN_IDENTITY = "-";
				COPY_PHASE_STRIP = NO;
				ENABLE_STRICT_OBJC_MSGSEND = YES;
				GCC_C_LANGUAGE_STANDARD = gnu99;
				GCC_DYNAMIC_NO_PIC = NO;
				GCC_OPTIMIZATION_LEVEL = 0;
				GCC_PREPROCESSOR_DEFINITIONS = (
					"DEBUG=1",
					"$(inherited)",
				);
				GCC_SYMBOLS_PRIVATE_EXTERN = NO;
				GCC_WARN_64_TO_32_BIT_CONVERSION = YES;
				GCC_WARN_ABOUT_RETURN_TYPE = YES_ERROR;
				GCC_WARN_UNDECLARED_SELECTOR = YES;
				GCC_WARN_UNINITIALIZED_AUTOS = YES_AGGRESSIVE;
				GCC_WARN_UNUSED_FUNCTION = YES;
				GCC_WARN_UNUSED_VARIABLE = YES;
				MACOSX_DEPLOYMENT_TARGET = 10.9;
				MTL_ENABLE_DEBUG_INFO = YES;
				ONLY_ACTIVE_ARCH = YES;
				SDKROOT = macosx;
			};
			name = Debug;
		};
		C3FC4D8C20B9CA1A00E1BE93 /* Release */ = {
			isa = XCBuildConfiguration;
			buildSettings = {
				ALWAYS_SEARCH_USER_PATHS = NO;
				CLANG_CXX_LANGUAGE_STANDARD = "gnu++0x";
				CLANG_CXX_LIBRARY = "libc++";
				CLANG_ENABLE_MODULES = YES;
				CLANG_ENABLE_OBJC_ARC = YES;
				CLANG_WARN_BOOL_CONVERSION = YES;
				CLANG_WARN_CONSTANT_CONVERSION = YES;
				CLANG_WARN_DIRECT_OBJC_ISA_USAGE = YES_ERROR;
				CLANG_WARN_EMPTY_BODY = YES;
				CLANG_WARN_ENUM_CONVERSION = YES;
				CLANG_WARN_INT_CONVERSION = YES;
				CLANG_WARN_OBJC_ROOT_CLASS = YES_ERROR;
				CLANG_WARN_UNREACHABLE_CODE = YES;
				CLANG_WARN__DUPLICATE_METHOD_MATCH = YES;
				CODE_SIGN_IDENTITY = "-";
				COPY_PHASE_STRIP = NO;
				DEBUG_INFORMATION_FORMAT = "dwarf-with-dsym";
				ENABLE_NS_ASSERTIONS = NO;
				ENABLE_STRICT_OBJC_MSGSEND = YES;
				GCC_C_LANGUAGE_STANDARD = gnu99;
				GCC_WARN_64_TO_32_BIT_CONVERSION = YES;
				GCC_WARN_ABOUT_RETURN_TYPE = YES_ERROR;
				GCC_WARN_UNDECLARED_SELECTOR = YES;
				GCC_WARN_UNINITIALIZED_AUTOS = YES_AGGRESSIVE;
				GCC_WARN_UNUSED_FUNCTION = YES;
				GCC_WARN_UNUSED_VARIABLE = YES;
				MACOSX_DEPLOYMENT_TARGET = 10.9;
				MTL_ENABLE_DEBUG_INFO = NO;
				SDKROOT = macosx;
			};
			name = Release;
		};
		C3FC4D8E20B9CA1A00E1BE93 /* Debug */ = {
			isa = XCBuildConfiguration;
			buildSettings = {
				ASSETCATALOG_COMPILER_APPICON_NAME = AppIcon;
				COMBINE_HIDPI_IMAGES = YES;
				INFOPLIST_FILE = PixelScroll/Info.plist;
				LD_RUNPATH_SEARCH_PATHS = "$(inherited) @executable_path/../Frameworks";
				PRODUCT_NAME = "$(TARGET_NAME)";
			};
			name = Debug;
		};
		C3FC4D8F20B9CA1A00E1BE93 /* Release */ = {
			isa = XCBuildConfiguration;
			buildSettings = {
				ASSETCATALOG_COMPILER_APPICON_NAME = AppIcon;
				COMBINE_HIDPI_IMAGES = YES;
				INFOPLIST_FILE = PixelScroll/Info.plist;
				LD_RUNPATH_SEARCH_PATHS = "$(inherited) @executable_path/../Frameworks";
				PRODUCT_NAME = "$(TARGET_NAME)";
			};
			name = Release;
		};
/* End XCBuildConfiguration section */

/* Begin XCConfigurationList section */
		C3FC4D6B20B9CA1900E1BE93 /* Build configuration list for PBXProject "PixelScroll" */ = {
			isa = XCConfigurationList;
			buildConfigurations = (
				C3FC4D8B20B9CA1A00E1BE93 /* Debug */,
				C3FC4D8C20B9CA1A00E1BE93 /* Release */,
			);
			defaultConfigurationIsVisible = 0;
			defaultConfigurationName = Release;
		};
		C3FC4D8D20B9CA1A00E1BE93 /* Build configuration list for PBXNativeTarget "PixelScroll" */ = {
			isa = XCConfigurationList;
			buildConfigurations = (
				C3FC4D8E20B9CA1A00E1BE93 /* Debug */,
				C3FC4D8F20B9CA1A00E1BE93 /* Release */,
			);
			defaultConfigurationIsVisible = 0;
		};
/* End XCConfigurationList section */
	};
	rootObject = C3FC4D6820B9CA1900E1BE93 /* Project object */;
}
